{
  "name": "diegoNoblejasDamG2trabajoindividual",
  "version": "1.0.0",
  "scripts": {
    "build": "node compile.js",  // Compilación de Svelte
    "start": "python -m http.server 5000"  // Servir la aplicación
  },
  "dependencies": {
    "svelte": "^3.55.0"
  },
  "devDependencies": {},
  "author": "",
  "license": "ISC"
}
